<?xml version="1.0" encoding="utf-8"?>
<Project ToolsVersion="4.0" xmlns="http://schemas.microsoft.com/developer/msbuild/2003">
  <ItemGroup>
    <Filter Include="Source Files">
      <UniqueIdentifier>{4FC737F1-C7A5-4376-A066-2A32D752A2FF}</UniqueIdentifier>
      <Extensions>cpp;c;cc;cxx;def;odl;idl;hpj;bat;asm;asmx</Extensions>
    </Filter>
    <Filter Include="Header Files">
      <UniqueIdentifier>{93995380-89BD-4b04-88EB-625FBE52EBFB}</UniqueIdentifier>
      <Extensions>h;hh;hpp;hxx;hm;inl;inc;xsd</Extensions>
    </Filter>
    <Filter Include="Resource Files">
      <UniqueIdentifier>{67DA6AB6-F800-4c08-8B7A-83BB121AAD01}</UniqueIdentifier>
      <Extensions>rc;ico;cur;bmp;dlg;rc2;rct;bin;rgs;gif;jpg;jpeg;jpe;resx;tiff;tif;png;wav;mfcribbon-ms</Extensions>
    </Filter>
    <Filter Include="Header Files\SortingAlgorithms">
      <UniqueIdentifier>{87956660-5f65-46da-9880-a1df8890e0ec}</UniqueIdentifier>
    </Filter>
    <Filter Include="Source Files\SortingAlgorithms">
      <UniqueIdentifier>{c0d16314-4704-4560-b218-1fa2a3b39f7c}</UniqueIdentifier>
    </Filter>
  </ItemGroup>
  <ItemGroup>
    <ClCompile Include="Source.cpp">
      <Filter>Source Files</Filter>
    </ClCompile>
    <ClCompile Include="SortHelper.cpp">
      <Filter>Source Files</Filter>
    </ClCompile>
    <ClCompile Include="SortingAlgorithm.cpp">
      <Filter>Source Files</Filter>
    </ClCompile>
    <ClCompile Include="SortingAlgorithms\BubbleSorter.cpp">
      <Filter>Source Files\SortingAlgorithms</Filter>
    </ClCompile>
    <ClCompile Include="SortingAlgorithms\InsertionSorter.cpp">
      <Filter>Source Files\SortingAlgorithms</Filter>
    </ClCompile>
    <ClCompile Include="SortingAlgorithms\SelectionSorter.cpp">
      <Filter>Source Files\SortingAlgorithms</Filter>
    </ClCompile>
    <ClCompile Include="SortingAlgorithms\ShellSorter.cpp">
      <Filter>Source Files\SortingAlgorithms</Filter>
    </ClCompile>
  </ItemGroup>
  <ItemGroup>
    <ClInclude Include="SortHelper.h">
      <Filter>Header Files</Filter>
    </ClInclude>
    <ClInclude Include="Config.h">
      <Filter>Header Files</Filter>
    </ClInclude>
    <ClInclude Include="SortingAlgorithm.h">
      <Filter>Header Files</Filter>
    </ClInclude>
    <ClInclude Include="Common.h">
      <Filter>Header Files</Filter>
    </ClInclude>
    <ClInclude Include="SortingAlgorithms\BubbleSorter.h">
      <Filter>Header Files\SortingAlgorithms</Filter>
    </ClInclude>
    <ClInclude Include="SortingAlgorithms\InsertionSorter.h">
      <Filter>Header Files\SortingAlgorithms</Filter>
    </ClInclude>
    <ClInclude Include="SortingAlgorithms\SelectionSorter.h">
      <Filter>Header Files\SortingAlgorithms</Filter>
    </ClInclude>
    <ClInclude Include="SortingAlgorithms\ShellSorter.h">
      <Filter>Header Files\SortingAlgorithms</Filter>
    </ClInclude>
  </ItemGroup>
</Project>